<?xml version="1.0" encoding="UTF-8" standalone="yes" ?>
<CodeBlocks_project_file>
	<FileVersion major="1" minor="6" />
	<Project>
		<Option title="SechsNimmt" />
		<Option pch_mode="2" />
		<Option compiler="gcc" />
		<Build>
			<Target title="Debug">
				<Option output="bin/Debug/SechsNimmt" prefix_auto="1" extension_auto="1" />
				<Option object_output="obj/Debug/" />
				<Option type="1" />
				<Option compiler="gcc" />
				<Compiler>
					<Add option="-std=c++11" />
					<Add option="-g" />
					<Add directory="include" />
				</Compiler>
				<Linker>
					<Add library="sfml-graphics-d" />
					<Add library="sfml-window-d" />
					<Add library="sfml-system-d" />
				</Linker>
			</Target>
			<Target title="Release">
				<Option output="bin/Release/SechsNimmt" prefix_auto="1" extension_auto="1" />
				<Option object_output="obj/Release/" />
				<Option type="0" />
				<Option compiler="gcc" />
				<Compiler>
					<Add option="-O2" />
					<Add option="-std=c++11" />
					<Add directory="include" />
				</Compiler>
				<Linker>
					<Add option="-s" />
					<Add library="sfml-graphics" />
					<Add library="sfml-window" />
					<Add library="sfml-system" />
				</Linker>
			</Target>
		</Build>
		<Compiler>
			<Add option="-Wall" />
			<Add directory="C:/Users/Niklas/OneDrive/c++/SFML-2.4.1/include" />
			<Add directory="C:/Users/Niklas/OneDrive/c++/SechsNimmt/SechsNimmt/include" />
		</Compiler>
		<Linker>
			<Add option="-static-libgcc -static-libstdc++" />
			<Add directory="C:/Users/Niklas/OneDrive/c++/SFML-2.4.1/lib" />
		</Linker>
		<Unit filename="include/AnimatedCard.hpp" />
		<Unit filename="include/Button.hpp" />
		<Unit filename="include/DataCache.hpp" />
		<Unit filename="include/Framework.hpp" />
		<Unit filename="include/GameManager.hpp" />
		<Unit filename="include/Gamestate.hpp" />
		<Unit filename="include/KI_Spieler.hpp" />
		<Unit filename="include/MainMenu.hpp" />
		<Unit filename="include/Reihen.hpp" />
		<Unit filename="include/ResourceCache.hpp" />
		<Unit filename="include/ResourceManager.hpp" />
		<Unit filename="include/SettingsCache.hpp" />
		<Unit filename="include/SettingsMenu.hpp" />
		<Unit filename="include/Slider.hpp" />
		<Unit filename="include/Spieler.hpp" />
		<Unit filename="include/SpielerVirtual.hpp" />
		<Unit filename="include/animations.hpp" />
		<Unit filename="include/card.hpp" />
		<Unit filename="include/constants.hpp" />
		<Unit filename="include/deck.hpp" />
		<Unit filename="include/functions.hpp" />
		<Unit filename="main.cpp" />
		<Unit filename="src/AnimatedCard.cpp" />
		<Unit filename="src/Button.cpp" />
		<Unit filename="src/DataCache.cpp" />
		<Unit filename="src/Framework.cpp" />
		<Unit filename="src/GameManager.cpp" />
		<Unit filename="src/KI_Spieler.cpp" />
		<Unit filename="src/MainMenu.cpp" />
		<Unit filename="src/Reihen.cpp" />
		<Unit filename="src/ResourceCache.cpp" />
		<Unit filename="src/ResourceManager.cpp" />
		<Unit filename="src/SettingsCache.cpp" />
		<Unit filename="src/SettingsMenu.cpp" />
		<Unit filename="src/Slider.cpp" />
		<Unit filename="src/Spieler.cpp" />
		<Unit filename="src/SpielerVirtual.cpp" />
		<Unit filename="src/animations.cpp" />
		<Unit filename="src/card.cpp" />
		<Unit filename="src/constants.cpp" />
		<Unit filename="src/deck.cpp" />
		<Unit filename="test.cpp" />
		<Extensions>
			<code_completion />
			<envvars />
			<debugger />
		</Extensions>
	</Project>
</CodeBlocks_project_file>
